
Microsoft Visual Studio Solution File, Format Version 12.00
# Visual Studio Version 17
VisualStudioVersion = 17.5.002.0
MinimumVisualStudioVersion = 10.0.40219.1
Project("{9A19103F-16F7-4668-BE54-9A1E7A4F7556}") = "ASPaPP", "ASPaPP.csproj", "{4E0E513A-0204-4C05-BB00-DDD52D26F8C5}"
EndProject
Global
	GlobalSection(SolutionConfigurationPlatforms) = preSolution
		Debug|Any CPU = Debug|Any CPU
		Release|Any CPU = Release|Any CPU
	EndGlobalSection
	GlobalSection(ProjectConfigurationPlatforms) = postSolution
		{4E0E513A-0204-4C05-BB00-DDD52D26F8C5}.Debug|Any CPU.ActiveCfg = Debug|Any CPU
		{4E0E513A-0204-4C05-BB00-DDD52D26F8C5}.Debug|Any CPU.Build.0 = Debug|Any CPU
		{4E0E513A-0204-4C05-BB00-DDD52D26F8C5}.Release|Any CPU.ActiveCfg = Release|Any CPU
		{4E0E513A-0204-4C05-BB00-DDD52D26F8C5}.Release|Any CPU.Build.0 = Release|Any CPU
	EndGlobalSection
	GlobalSection(SolutionProperties) = preSolution
		HideSolutionNode = FALSE
	EndGlobalSection
	GlobalSection(ExtensibilityGlobals) = postSolution
		SolutionGuid = {109F9321-39DF-4220-BC97-D9FBBCC25D23}
	EndGlobalSection
EndGlobal
